%{"decimal": {:package, "0.2.2"},
  "ecto": {:git, "git://github.com/elixir-lang/ecto.git", "6f6c5edda473964a3405304c731773618ac196aa", []},
  "json": {:git, "git://github.com/cblage/elixir-json.git", "f386b18431bbc0a0b6d38519ec2f256b5a040668", []},
  "poolboy": {:package, "1.2.1"},
  "postgrex": {:git, "git://github.com/ericmj/postgrex.git", "bee65577f3913821ce9410062c10580e039976da", []}}
