%{"decimal": {:hex, :decimal, "1.1.0"},
  "ecto": {:git, "git://github.com/elixir-lang/ecto.git", "c6de0b1c4cc772dea89b442d3495e827770927f7", []},
  "poison": {:git, "https://github.com/devinus/poison", "142bc26e4cf0e6f75dd4cae8d47a516e64ccd6b2", [tag: "1.2.0"]},
  "poolboy": {:hex, :poolboy, "1.4.2"},
  "postgrex": {:hex, :postgrex, "0.8.0"}}
